// !$*UTF8*$!
{
	archiveVersion = 1;
	classes = {
	};
	objectVersion = 50;
	objects = {

/* Begin PBXBuildFile section */
		703F475824897706005676C9 /* SwiftyJSON.swift in Sources */ = {isa = PBXBuildFile; fileRef = 703F475724897706005676C9 /* SwiftyJSON.swift */; };
		706EF7AF248A96A700680D71 /* Images.xcassets in Resources */ = {isa = PBXBuildFile; fileRef = 706EF7AE248A96A700680D71 /* Images.xcassets */; };
		706F562A248877C600C7A6ED /* AppDelegate.swift in Sources */ = {isa = PBXBuildFile; fileRef = 706F5629248877C600C7A6ED /* AppDelegate.swift */; };
		706F562C248877C600C7A6ED /* SceneDelegate.swift in Sources */ = {isa = PBXBuildFile; fileRef = 706F562B248877C600C7A6ED /* SceneDelegate.swift */; };
		706F562E248877C600C7A6ED /* ContentView.swift in Sources */ = {isa = PBXBuildFile; fileRef = 706F562D248877C600C7A6ED /* ContentView.swift */; };
		706F5636248877C700C7A6ED /* LaunchScreen.storyboard in Resources */ = {isa = PBXBuildFile; fileRef = 706F5634248877C700C7A6ED /* LaunchScreen.storyboard */; };
		70AFD45524895206000D2A28 /* ExchangeRatesGET.swift in Sources */ = {isa = PBXBuildFile; fileRef = 70AFD45424895206000D2A28 /* ExchangeRatesGET.swift */; };
/* End PBXBuildFile section */

/* Begin PBXFileReference section */
		7015EEC5248A98CB006A00E9 /* Easy Converter.entitlements */ = {isa = PBXFileReference; lastKnownFileType = text.plist.entitlements; path = "Easy Converter.entitlements"; sourceTree = "<group>"; };
		703F475724897706005676C9 /* SwiftyJSON.swift */ = {isa = PBXFileReference; fileEncoding = 4; lastKnownFileType = sourcecode.swift; path = SwiftyJSON.swift; sourceTree = "<group>"; };
		706EF7AE248A96A700680D71 /* Images.xcassets */ = {isa = PBXFileReference; lastKnownFileType = folder.assetcatalog; path = Images.xcassets; sourceTree = "<group>"; };
		706F5626248877C600C7A6ED /* Easy Converter.app */ = {isa = PBXFileReference; explicitFileType = wrapper.application; includeInIndex = 0; path = "Easy Converter.app"; sourceTree = BUILT_PRODUCTS_DIR; };
		706F5629248877C600C7A6ED /* AppDelegate.swift */ = {isa = PBXFileReference; lastKnownFileType = sourcecode.swift; path = AppDelegate.swift; sourceTree = "<group>"; };
		706F562B248877C600C7A6ED /* SceneDelegate.swift */ = {isa = PBXFileReference; lastKnownFileType = sourcecode.swift; path = SceneDelegate.swift; sourceTree = "<group>"; };
		706F562D248877C600C7A6ED /* ContentView.swift */ = {isa = PBXFileReference; lastKnownFileType = sourcecode.swift; path = ContentView.swift; sourceTree = "<group>"; };
		706F5635248877C700C7A6ED /* Base */ = {isa = PBXFileReference; lastKnownFileType = file.storyboard; name = Base; path = Base.lproj/LaunchScreen.storyboard; sourceTree = "<group>"; };
		706F5637248877C700C7A6ED /* Info.plist */ = {isa = PBXFileReference; lastKnownFileType = text.plist.xml; path = Info.plist; sourceTree = "<group>"; };
		70AFD45424895206000D2A28 /* ExchangeRatesGET.swift */ = {isa = PBXFileReference; lastKnownFileType = sourcecode.swift; path = ExchangeRatesGET.swift; sourceTree = "<group>"; };
/* End PBXFileReference section */

/* Begin PBXFrameworksBuildPhase section */
		706F5623248877C600C7A6ED /* Frameworks */ = {
			isa = PBXFrameworksBuildPhase;
			buildActionMask = 2147483647;
			files = (
			);
			runOnlyForDeploymentPostprocessing = 0;
		};
/* End PBXFrameworksBuildPhase section */

/* Begin PBXGroup section */
		706F561D248877C600C7A6ED = {
			isa = PBXGroup;
			children = (
				706F5628248877C600C7A6ED /* Easy Converter */,
				706F5627248877C600C7A6ED /* Products */,
			);
			sourceTree = "<group>";
		};
		706F5627248877C600C7A6ED /* Products */ = {
			isa = PBXGroup;
			children = (
				706F5626248877C600C7A6ED /* Easy Converter.app */,
			);
			name = Products;
			sourceTree = "<group>";
		};
		706F5628248877C600C7A6ED /* Easy Converter */ = {
			isa = PBXGroup;
			children = (
				7015EEC5248A98CB006A00E9 /* Easy Converter.entitlements */,
				703F475724897706005676C9 /* SwiftyJSON.swift */,
				706F5629248877C600C7A6ED /* AppDelegate.swift */,
				706F562B248877C600C7A6ED /* SceneDelegate.swift */,
				706F562D248877C600C7A6ED /* ContentView.swift */,
				70AFD45424895206000D2A28 /* ExchangeRatesGET.swift */,
				706F5637248877C700C7A6ED /* Info.plist */,
				706F5634248877C700C7A6ED /* LaunchScreen.storyboard */,
				706F5631248877C700C7A6ED /* Preview Content */,
				706EF7AE248A96A700680D71 /* Images.xcassets */,
			);
			path = "Easy Converter";
			sourceTree = "<group>";
		};
		706F5631248877C700C7A6ED /* Preview Content */ = {
			isa = PBXGroup;
			children = (
			);
			path = "Preview Content";
			sourceTree = "<group>";
		};
/* End PBXGroup section */

/* Begin PBXNativeTarget section */
		706F5625248877C600C7A6ED /* Easy Converter */ = {
			isa = PBXNativeTarget;
			buildConfigurationList = 706F563A248877C700C7A6ED /* Build configuration list for PBXNativeTarget "Easy Converter" */;
			buildPhases = (
				706F5622248877C600C7A6ED /* Sources */,
				706F5623248877C600C7A6ED /* Frameworks */,
				706F5624248877C600C7A6ED /* Resources */,
			);
			buildRules = (
			);
			dependencies = (
			);
			name = "Easy Converter";
			productName = "Easy Converter";
			productReference = 706F5626248877C600C7A6ED /* Easy Converter.app */;
			productType = "com.apple.product-type.application";
		};
/* End PBXNativeTarget section */

/* Begin PBXProject section */
		706F561E248877C600C7A6ED /* Project object */ = {
			isa = PBXProject;
			attributes = {
				LastSwiftUpdateCheck = 1150;
				LastUpgradeCheck = 1150;
				ORGANIZATIONNAME = "Артём Тихоненко";
				TargetAttributes = {
					706F5625248877C600C7A6ED = {
						CreatedOnToolsVersion = 11.5;
					};
				};
			};
			buildConfigurationList = 706F5621248877C600C7A6ED /* Build configuration list for PBXProject "Easy Converter" */;
			compatibilityVersion = "Xcode 9.3";
			developmentRegion = en;
			hasScannedForEncodings = 0;
			knownRegions = (
				en,
				Base,
			);
			mainGroup = 706F561D248877C600C7A6ED;
			productRefGroup = 706F5627248877C600C7A6ED /* Products */;
			projectDirPath = "";
			projectRoot = "";
			targets = (
				706F5625248877C600C7A6ED /* Easy Converter */,
			);
		};
/* End PBXProject section */

/* Begin PBXResourcesBuildPhase section */
		706F5624248877C600C7A6ED /* Resources */ = {
			isa = PBXResourcesBuildPhase;
			buildActionMask = 2147483647;
			files = (
				706F5636248877C700C7A6ED /* LaunchScreen.storyboard in Resources */,
				706EF7AF248A96A700680D71 /* Images.xcassets in Resources */,
			);
			runOnlyForDeploymentPostprocessing = 0;
		};
/* End PBXResourcesBuildPhase section */

/* Begin PBXSourcesBuildPhase section */
		706F5622248877C600C7A6ED /* Sources */ = {
			isa = PBXSourcesBuildPhase;
			buildActionMask = 2147483647;
			files = (
				70AFD45524895206000D2A28 /* ExchangeRatesGET.swift in Sources */,
				703F475824897706005676C9 /* SwiftyJSON.swift in Sources */,
				706F562A248877C600C7A6ED /* AppDelegate.swift in Sources */,
				706F562C248877C600C7A6ED /* SceneDelegate.swift in Sources */,
				706F562E248877C600C7A6ED /* ContentView.swift in Sources */,
			);
			runOnlyForDeploymentPostprocessing = 0;
		};
/* End PBXSourcesBuildPhase section */

/* Begin PBXVariantGroup section */
		706F5634248877C700C7A6ED /* LaunchScreen.storyboard */ = {
			isa = PBXVariantGroup;
			children = (
				706F5635248877C700C7A6ED /* Base */,
			);
			name = LaunchScreen.storyboard;
			sourceTree = "<group>";
		};
/* End PBXVariantGroup section */

/* Begin XCBuildConfiguration section */
		706F5638248877C700C7A6ED /* Debug */ = {
			isa = XCBuildConfiguration;
			buildSettings = {
				ALWAYS_SEARCH_USER_PATHS = NO;
				CLANG_ANALYZER_NONNULL = YES;
				CLANG_ANALYZER_NUMBER_OBJECT_CONVERSION = YES_AGGRESSIVE;
				CLANG_CXX_LANGUAGE_STANDARD = "gnu++14";
				CLANG_CXX_LIBRARY = "libc++";
				CLANG_ENABLE_MODULES = YES;
				CLANG_ENABLE_OBJC_ARC = YES;
				CLANG_ENABLE_OBJC_WEAK = YES;
				CLANG_WARN_BLOCK_CAPTURE_AUTORELEASING = YES;
				CLANG_WARN_BOOL_CONVERSION = YES;
				CLANG_WARN_COMMA = YES;
				CLANG_WARN_CONSTANT_CONVERSION = YES;
				CLANG_WARN_DEPRECATED_OBJC_IMPLEMENTATIONS = YES;
				CLANG_WARN_DIRECT_OBJC_ISA_USAGE = YES_ERROR;
				CLANG_WARN_DOCUMENTATION_COMMENTS = YES;
				CLANG_WARN_EMPTY_BODY = YES;
				CLANG_WARN_ENUM_CONVERSION = YES;
				CLANG_WARN_INFINITE_RECURSION = YES;
				CLANG_WARN_INT_CONVERSION = YES;
				CLANG_WARN_NON_LITERAL_NULL_CONVERSION = YES;
				CLANG_WARN_OBJC_IMPLICIT_RETAIN_SELF = YES;
				CLANG_WARN_OBJC_LITERAL_CONVERSION = YES;
				CLANG_WARN_OBJC_ROOT_CLASS = YES_ERROR;
				CLANG_WARN_RANGE_LOOP_ANALYSIS = YES;
				CLANG_WARN_STRICT_PROTOTYPES = YES;
				CLANG_WARN_SUSPICIOUS_MOVE = YES;
				CLANG_WARN_UNGUARDED_AVAILABILITY = YES_AGGRESSIVE;
				CLANG_WARN_UNREACHABLE_CODE = YES;
				CLANG_WARN__DUPLICATE_METHOD_MATCH = YES;
				COPY_PHASE_STRIP = NO;
				DEBUG_INFORMATION_FORMAT = dwarf;
				ENABLE_STRICT_OBJC_MSGSEND = YES;
				ENABLE_TESTABILITY = YES;
				GCC_C_LANGUAGE_STANDARD = gnu11;
				GCC_DYNAMIC_NO_PIC = NO;
				GCC_NO_COMMON_BLOCKS = YES;
				GCC_OPTIMIZATION_LEVEL = 0;
				GCC_PREPROCESSOR_DEFINITIONS = (
					"DEBUG=1",
					"$(inherited)",
				);
				GCC_WARN_64_TO_32_BIT_CONVERSION = YES;
				GCC_WARN_ABOUT_RETURN_TYPE = YES_ERROR;
				GCC_WARN_UNDECLARED_SELECTOR = YES;
				GCC_WARN_UNINITIALIZED_AUTOS = YES_AGGRESSIVE;
				GCC_WARN_UNUSED_FUNCTION = YES;
				GCC_WARN_UNUSED_VARIABLE = YES;
				IPHONEOS_DEPLOYMENT_TARGET = 13.5;
				MTL_ENABLE_DEBUG_INFO = INCLUDE_SOURCE;
				MTL_FAST_MATH = YES;
				ONLY_ACTIVE_ARCH = YES;
				SDKROOT = iphoneos;
				SWIFT_ACTIVE_COMPILATION_CONDITIONS = DEBUG;
				SWIFT_OPTIMIZATION_LEVEL = "-Onone";
			};
			name = Debug;
		};
		706F5639248877C700C7A6ED /* Release */ = {
			isa = XCBuildConfiguration;
			buildSettings = {
				ALWAYS_SEARCH_USER_PATHS = NO;
				CLANG_ANALYZER_NONNULL = YES;
				CLANG_ANALYZER_NUMBER_OBJECT_CONVERSION = YES_AGGRESSIVE;
				CLANG_CXX_LANGUAGE_STANDARD = "gnu++14";
				CLANG_CXX_LIBRARY = "libc++";
				CLANG_ENABLE_MODULES = YES;
				CLANG_ENABLE_OBJC_ARC = YES;
				CLANG_ENABLE_OBJC_WEAK = YES;
				CLANG_WARN_BLOCK_CAPTURE_AUTORELEASING = YES;
				CLANG_WARN_BOOL_CONVERSION = YES;
				CLANG_WARN_COMMA = YES;
				CLANG_WARN_CONSTANT_CONVERSION = YES;
				CLANG_WARN_DEPRECATED_OBJC_IMPLEMENTATIONS = YES;
				CLANG_WARN_DIRECT_OBJC_ISA_USAGE = YES_ERROR;
				CLANG_WARN_DOCUMENTATION_COMMENTS = YES;
				CLANG_WARN_EMPTY_BODY = YES;
				CLANG_WARN_ENUM_CONVERSION = YES;
				CLANG_WARN_INFINITE_RECURSION = YES;
				CLANG_WARN_INT_CONVERSION = YES;
				CLANG_WARN_NON_LITERAL_NULL_CONVERSION = YES;
				CLANG_WARN_OBJC_IMPLICIT_RETAIN_SELF = YES;
				CLANG_WARN_OBJC_LITERAL_CONVERSION = YES;
				CLANG_WARN_OBJC_ROOT_CLASS = YES_ERROR;
				CLANG_WARN_RANGE_LOOP_ANALYSIS = YES;
				CLANG_WARN_STRICT_PROTOTYPES = YES;
				CLANG_WARN_SUSPICIOUS_MOVE = YES;
				CLANG_WARN_UNGUARDED_AVAILABILITY = YES_AGGRESSIVE;
				CLANG_WARN_UNREACHABLE_CODE = YES;
				CLANG_WARN__DUPLICATE_METHOD_MATCH = YES;
				COPY_PHASE_STRIP = NO;
				DEBUG_INFORMATION_FORMAT = "dwarf-with-dsym";
				ENABLE_NS_ASSERTIONS = NO;
				ENABLE_STRICT_OBJC_MSGSEND = YES;
				GCC_C_LANGUAGE_STANDARD = gnu11;
				GCC_NO_COMMON_BLOCKS = YES;
				GCC_WARN_64_TO_32_BIT_CONVERSION = YES;
				GCC_WARN_ABOUT_RETURN_TYPE = YES_ERROR;
				GCC_WARN_UNDECLARED_SELECTOR = YES;
				GCC_WARN_UNINITIALIZED_AUTOS = YES_AGGRESSIVE;
				GCC_WARN_UNUSED_FUNCTION = YES;
				GCC_WARN_UNUSED_VARIABLE = YES;
				IPHONEOS_DEPLOYMENT_TARGET = 13.5;
				MTL_ENABLE_DEBUG_INFO = NO;
				MTL_FAST_MATH = YES;
				SDKROOT = iphoneos;
				SWIFT_COMPILATION_MODE = wholemodule;
				SWIFT_OPTIMIZATION_LEVEL = "-O";
				VALIDATE_PRODUCT = YES;
			};
			name = Release;
		};
		706F563B248877C700C7A6ED /* Debug */ = {
			isa = XCBuildConfiguration;
			buildSettings = {
				ASSETCATALOG_COMPILER_APPICON_NAME = AppIcon;
				CODE_SIGN_ENTITLEMENTS = "Easy Converter/Easy Converter.entitlements";
				CODE_SIGN_STYLE = Automatic;
				DEVELOPMENT_ASSET_PATHS = "\"Easy Converter/Preview Content\"";
				DEVELOPMENT_TEAM = V88X9S6G23;
				ENABLE_PREVIEWS = YES;
				INFOPLIST_FILE = "Easy Converter/Info.plist";
				LD_RUNPATH_SEARCH_PATHS = (
					"$(inherited)",
					"@executable_path/Frameworks",
				);
				PRODUCT_BUNDLE_IDENTIFIER = "ru.artemtikhonenko.Easy-Converter";
				PRODUCT_NAME = "$(TARGET_NAME)";
				SUPPORTS_MACCATALYST = YES;
				SWIFT_OPTIMIZATION_LEVEL = "-Onone";
				SWIFT_VERSION = 5.0;
				TARGETED_DEVICE_FAMILY = "1,2";
			};
			name = Debug;
		};
		706F563C248877C700C7A6ED /* Release */ = {
			isa = XCBuildConfiguration;
			buildSettings = {
				ASSETCATALOG_COMPILER_APPICON_NAME = AppIcon;
				CODE_SIGN_ENTITLEMENTS = "Easy Converter/Easy Converter.entitlements";
				CODE_SIGN_STYLE = Automatic;
				DEVELOPMENT_ASSET_PATHS = "\"Easy Converter/Preview Content\"";
				DEVELOPMENT_TEAM = V88X9S6G23;
				ENABLE_PREVIEWS = YES;
				INFOPLIST_FILE = "Easy Converter/Info.plist";
				LD_RUNPATH_SEARCH_PATHS = (
					"$(inherited)",
					"@executable_path/Frameworks",
				);
				PRODUCT_BUNDLE_IDENTIFIER = "ru.artemtikhonenko.Easy-Converter";
				PRODUCT_NAME = "$(TARGET_NAME)";
				SUPPORTS_MACCATALYST = YES;
				SWIFT_OPTIMIZATION_LEVEL = "-O";
				SWIFT_VERSION = 5.0;
				TARGETED_DEVICE_FAMILY = "1,2";
			};
			name = Release;
		};
/* End XCBuildConfiguration section */

/* Begin XCConfigurationList section */
		706F5621248877C600C7A6ED /* Build configuration list for PBXProject "Easy Converter" */ = {
			isa = XCConfigurationList;
			buildConfigurations = (
				706F5638248877C700C7A6ED /* Debug */,
				706F5639248877C700C7A6ED /* Release */,
			);
			defaultConfigurationIsVisible = 0;
			defaultConfigurationName = Release;
		};
		706F563A248877C700C7A6ED /* Build configuration list for PBXNativeTarget "Easy Converter" */ = {
			isa = XCConfigurationList;
			buildConfigurations = (
				706F563B248877C700C7A6ED /* Debug */,
				706F563C248877C700C7A6ED /* Release */,
			);
			defaultConfigurationIsVisible = 0;
			defaultConfigurationName = Release;
		};
/* End XCConfigurationList section */
	};
	rootObject = 706F561E248877C600C7A6ED /* Project object */;
}
